# This file is automatically @generated by Cargo.
# It is not intended for manual editing.
version = 4

[[package]]
name = "vessel-cli"
version = "0.1.0"

[[package]]
name = "vessel-control"
version = "0.1.0"

[[package]]
name = "vessel-core"
version = "0.1.0"

[[package]]
name = "vessel-policy"
version = "0.1.0"

[[package]]
name = "vessel-registry"
version = "0.1.0"

[[package]]
name = "vessel-runtime"
version = "0.1.0"

[[package]]
name = "vessel-scheduler"
version = "0.1.0"

[[package]]
name = "vessel-telemetry"
version = "0.1.0"

[[package]]
name = "vessel-worker"
version = "0.1.0"
